
Microsoft Visual Studio Solution File, Format Version 12.00
# Visual Studio Version 16
VisualStudioVersion = 16.0.31112.23
MinimumVisualStudioVersion = 10.0.40219.1
Project("{9A19103F-16F7-4668-BE54-9A1E7A4F7556}") = "Donguler", "Donguler\Donguler.csproj", "{46D6C3FF-BA44-4E47-A60D-45D028C92EB4}"
EndProject
Project("{9A19103F-16F7-4668-BE54-9A1E7A4F7556}") = "Classintro", "Classintro\Classintro.csproj", "{1B0D0482-723E-4919-9A6B-0C8407E9A78D}"
EndProject
Project("{9A19103F-16F7-4668-BE54-9A1E7A4F7556}") = "Urunler", "Urunler\Urunler.csproj", "{3C54F095-7506-47DA-B06F-450ABA5EDC95}"
EndProject
Project("{9A19103F-16F7-4668-BE54-9A1E7A4F7556}") = "Methots", "Methots\Methots.csproj", "{751EE615-60BE-44B3-8E11-8009950BEAE0}"
EndProject
Project("{9A19103F-16F7-4668-BE54-9A1E7A4F7556}") = "Matematik", "Matematik\Matematik.csproj", "{510DED1C-21EF-4783-BA0E-862E06534A69}"
EndProject
Project("{9A19103F-16F7-4668-BE54-9A1E7A4F7556}") = "OOP1", "OOP1\OOP1.csproj", "{81EB45D5-A510-403F-BF8F-E31A13ED6430}"
EndProject
Project("{9A19103F-16F7-4668-BE54-9A1E7A4F7556}") = "Dictionary", "Dictionary\Dictionary.csproj", "{0B5D2D1D-9D33-4B7F-8185-0D457A97CA04}"
EndProject
Global
	GlobalSection(SolutionConfigurationPlatforms) = preSolution
		Debug|Any CPU = Debug|Any CPU
		Release|Any CPU = Release|Any CPU
	EndGlobalSection
	GlobalSection(ProjectConfigurationPlatforms) = postSolution
		{46D6C3FF-BA44-4E47-A60D-45D028C92EB4}.Debug|Any CPU.ActiveCfg = Debug|Any CPU
		{46D6C3FF-BA44-4E47-A60D-45D028C92EB4}.Debug|Any CPU.Build.0 = Debug|Any CPU
		{46D6C3FF-BA44-4E47-A60D-45D028C92EB4}.Release|Any CPU.ActiveCfg = Release|Any CPU
		{46D6C3FF-BA44-4E47-A60D-45D028C92EB4}.Release|Any CPU.Build.0 = Release|Any CPU
		{1B0D0482-723E-4919-9A6B-0C8407E9A78D}.Debug|Any CPU.ActiveCfg = Debug|Any CPU
		{1B0D0482-723E-4919-9A6B-0C8407E9A78D}.Debug|Any CPU.Build.0 = Debug|Any CPU
		{1B0D0482-723E-4919-9A6B-0C8407E9A78D}.Release|Any CPU.ActiveCfg = Release|Any CPU
		{1B0D0482-723E-4919-9A6B-0C8407E9A78D}.Release|Any CPU.Build.0 = Release|Any CPU
		{3C54F095-7506-47DA-B06F-450ABA5EDC95}.Debug|Any CPU.ActiveCfg = Debug|Any CPU
		{3C54F095-7506-47DA-B06F-450ABA5EDC95}.Debug|Any CPU.Build.0 = Debug|Any CPU
		{3C54F095-7506-47DA-B06F-450ABA5EDC95}.Release|Any CPU.ActiveCfg = Release|Any CPU
		{3C54F095-7506-47DA-B06F-450ABA5EDC95}.Release|Any CPU.Build.0 = Release|Any CPU
		{751EE615-60BE-44B3-8E11-8009950BEAE0}.Debug|Any CPU.ActiveCfg = Debug|Any CPU
		{751EE615-60BE-44B3-8E11-8009950BEAE0}.Debug|Any CPU.Build.0 = Debug|Any CPU
		{751EE615-60BE-44B3-8E11-8009950BEAE0}.Release|Any CPU.ActiveCfg = Release|Any CPU
		{751EE615-60BE-44B3-8E11-8009950BEAE0}.Release|Any CPU.Build.0 = Release|Any CPU
		{510DED1C-21EF-4783-BA0E-862E06534A69}.Debug|Any CPU.ActiveCfg = Debug|Any CPU
		{510DED1C-21EF-4783-BA0E-862E06534A69}.Debug|Any CPU.Build.0 = Debug|Any CPU
		{510DED1C-21EF-4783-BA0E-862E06534A69}.Release|Any CPU.ActiveCfg = Release|Any CPU
		{510DED1C-21EF-4783-BA0E-862E06534A69}.Release|Any CPU.Build.0 = Release|Any CPU
		{81EB45D5-A510-403F-BF8F-E31A13ED6430}.Debug|Any CPU.ActiveCfg = Debug|Any CPU
		{81EB45D5-A510-403F-BF8F-E31A13ED6430}.Debug|Any CPU.Build.0 = Debug|Any CPU
		{81EB45D5-A510-403F-BF8F-E31A13ED6430}.Release|Any CPU.ActiveCfg = Release|Any CPU
		{81EB45D5-A510-403F-BF8F-E31A13ED6430}.Release|Any CPU.Build.0 = Release|Any CPU
		{0B5D2D1D-9D33-4B7F-8185-0D457A97CA04}.Debug|Any CPU.ActiveCfg = Debug|Any CPU
		{0B5D2D1D-9D33-4B7F-8185-0D457A97CA04}.Debug|Any CPU.Build.0 = Debug|Any CPU
		{0B5D2D1D-9D33-4B7F-8185-0D457A97CA04}.Release|Any CPU.ActiveCfg = Release|Any CPU
		{0B5D2D1D-9D33-4B7F-8185-0D457A97CA04}.Release|Any CPU.Build.0 = Release|Any CPU
	EndGlobalSection
	GlobalSection(SolutionProperties) = preSolution
		HideSolutionNode = FALSE
	EndGlobalSection
	GlobalSection(ExtensibilityGlobals) = postSolution
		SolutionGuid = {CBED1D2B-4762-4B3A-BF34-B4833520C84B}
	EndGlobalSection
EndGlobal
